
Microsoft Visual Studio Solution File, Format Version 12.00
# Visual Studio Version 16
VisualStudioVersion = 16.0.30002.166
MinimumVisualStudioVersion = 10.0.40219.1
Project("{9A19103F-16F7-4668-BE54-9A1E7A4F7556}") = "Taxi.Common", "Taxi.Common\Taxi.Common.csproj", "{39D1FD62-6F4E-4040-BE63-1635B3BA168A}"
EndProject
Project("{9A19103F-16F7-4668-BE54-9A1E7A4F7556}") = "Taxi.Web", "Taxi.Web\Taxi.Web.csproj", "{1DD49821-533F-4981-937F-43C5C22DC286}"
EndProject
Project("{9A19103F-16F7-4668-BE54-9A1E7A4F7556}") = "Taxi.Prism", "Taxi.Prism\Taxi.Prism\Taxi.Prism.csproj", "{B0867B18-C94A-46A0-AC69-447F745E609A}"
EndProject
Project("{FAE04EC0-301F-11D3-BF4B-00C04F79EFBC}") = "Taxi.Prism.Android", "Taxi.Prism\Taxi.Prism.Android\Taxi.Prism.Android.csproj", "{23B77FC9-3783-4347-BF4F-55D8B77E3A08}"
EndProject
Project("{FAE04EC0-301F-11D3-BF4B-00C04F79EFBC}") = "Taxi.Prism.iOS", "Taxi.Prism\Taxi.Prism.iOS\Taxi.Prism.iOS.csproj", "{B73B0A57-709E-497F-B671-D0CB9661942F}"
EndProject
Project("{FAE04EC0-301F-11D3-BF4B-00C04F79EFBC}") = "Taxi.Cross.Android", "Taxi.Cross.Android\Taxi.Cross.Android.csproj", "{216214A0-734A-4898-8F52-D9F5BF2D8904}"
EndProject
Project("{FAE04EC0-301F-11D3-BF4B-00C04F79EFBC}") = "Taxi.Cross.iOS", "Taxi.Cross.iOS\Taxi.Cross.iOS.csproj", "{25003FC4-168E-456D-92BC-D80803126EA7}"
EndProject
Global
	GlobalSection(SolutionConfigurationPlatforms) = preSolution
		Ad-Hoc|Any CPU = Ad-Hoc|Any CPU
		Ad-Hoc|ARM = Ad-Hoc|ARM
		Ad-Hoc|iPhone = Ad-Hoc|iPhone
		Ad-Hoc|iPhoneSimulator = Ad-Hoc|iPhoneSimulator
		Ad-Hoc|x64 = Ad-Hoc|x64
		Ad-Hoc|x86 = Ad-Hoc|x86
		AppStore|Any CPU = AppStore|Any CPU
		AppStore|ARM = AppStore|ARM
		AppStore|iPhone = AppStore|iPhone
		AppStore|iPhoneSimulator = AppStore|iPhoneSimulator
		AppStore|x64 = AppStore|x64
		AppStore|x86 = AppStore|x86
		Debug|Any CPU = Debug|Any CPU
		Debug|ARM = Debug|ARM
		Debug|iPhone = Debug|iPhone
		Debug|iPhoneSimulator = Debug|iPhoneSimulator
		Debug|x64 = Debug|x64
		Debug|x86 = Debug|x86
		Release|Any CPU = Release|Any CPU
		Release|ARM = Release|ARM
		Release|iPhone = Release|iPhone
		Release|iPhoneSimulator = Release|iPhoneSimulator
		Release|x64 = Release|x64
		Release|x86 = Release|x86
	EndGlobalSection
	GlobalSection(ProjectConfigurationPlatforms) = postSolution
		{39D1FD62-6F4E-4040-BE63-1635B3BA168A}.Ad-Hoc|Any CPU.ActiveCfg = Release|Any CPU
		{39D1FD62-6F4E-4040-BE63-1635B3BA168A}.Ad-Hoc|Any CPU.Build.0 = Release|Any CPU
		{39D1FD62-6F4E-4040-BE63-1635B3BA168A}.Ad-Hoc|ARM.ActiveCfg = Release|Any CPU
		{39D1FD62-6F4E-4040-BE63-1635B3BA168A}.Ad-Hoc|ARM.Build.0 = Release|Any CPU
		{39D1FD62-6F4E-4040-BE63-1635B3BA168A}.Ad-Hoc|iPhone.ActiveCfg = Release|Any CPU
		{39D1FD62-6F4E-4040-BE63-1635B3BA168A}.Ad-Hoc|iPhone.Build.0 = Release|Any CPU
		{39D1FD62-6F4E-4040-BE63-1635B3BA168A}.Ad-Hoc|iPhoneSimulator.ActiveCfg = Release|Any CPU
		{39D1FD62-6F4E-4040-BE63-1635B3BA168A}.Ad-Hoc|iPhoneSimulator.Build.0 = Release|Any CPU
		{39D1FD62-6F4E-4040-BE63-1635B3BA168A}.Ad-Hoc|x64.ActiveCfg = Release|Any CPU
		{39D1FD62-6F4E-4040-BE63-1635B3BA168A}.Ad-Hoc|x64.Build.0 = Release|Any CPU
		{39D1FD62-6F4E-4040-BE63-1635B3BA168A}.Ad-Hoc|x86.ActiveCfg = Release|Any CPU
		{39D1FD62-6F4E-4040-BE63-1635B3BA168A}.Ad-Hoc|x86.Build.0 = Release|Any CPU
		{39D1FD62-6F4E-4040-BE63-1635B3BA168A}.AppStore|Any CPU.ActiveCfg = Release|Any CPU
		{39D1FD62-6F4E-4040-BE63-1635B3BA168A}.AppStore|Any CPU.Build.0 = Release|Any CPU
		{39D1FD62-6F4E-4040-BE63-1635B3BA168A}.AppStore|ARM.ActiveCfg = Release|Any CPU
		{39D1FD62-6F4E-4040-BE63-1635B3BA168A}.AppStore|ARM.Build.0 = Release|Any CPU
		{39D1FD62-6F4E-4040-BE63-1635B3BA168A}.AppStore|iPhone.ActiveCfg = Release|Any CPU
		{39D1FD62-6F4E-4040-BE63-1635B3BA168A}.AppStore|iPhone.Build.0 = Release|Any CPU
		{39D1FD62-6F4E-4040-BE63-1635B3BA168A}.AppStore|iPhoneSimulator.ActiveCfg = Release|Any CPU
		{39D1FD62-6F4E-4040-BE63-1635B3BA168A}.AppStore|iPhoneSimulator.Build.0 = Release|Any CPU
		{39D1FD62-6F4E-4040-BE63-1635B3BA168A}.AppStore|x64.ActiveCfg = Release|Any CPU
		{39D1FD62-6F4E-4040-BE63-1635B3BA168A}.AppStore|x64.Build.0 = Release|Any CPU
		{39D1FD62-6F4E-4040-BE63-1635B3BA168A}.AppStore|x86.ActiveCfg = Release|Any CPU
		{39D1FD62-6F4E-4040-BE63-1635B3BA168A}.AppStore|x86.Build.0 = Release|Any CPU
		{39D1FD62-6F4E-4040-BE63-1635B3BA168A}.Debug|Any CPU.ActiveCfg = Debug|Any CPU
		{39D1FD62-6F4E-4040-BE63-1635B3BA168A}.Debug|Any CPU.Build.0 = Debug|Any CPU
		{39D1FD62-6F4E-4040-BE63-1635B3BA168A}.Debug|ARM.ActiveCfg = Debug|Any CPU
		{39D1FD62-6F4E-4040-BE63-1635B3BA168A}.Debug|ARM.Build.0 = Debug|Any CPU
		{39D1FD62-6F4E-4040-BE63-1635B3BA168A}.Debug|iPhone.ActiveCfg = Debug|Any CPU
		{39D1FD62-6F4E-4040-BE63-1635B3BA168A}.Debug|iPhone.Build.0 = Debug|Any CPU
		{39D1FD62-6F4E-4040-BE63-1635B3BA168A}.Debug|iPhoneSimulator.ActiveCfg = Debug|Any CPU
		{39D1FD62-6F4E-4040-BE63-1635B3BA168A}.Debug|iPhoneSimulator.Build.0 = Debug|Any CPU
		{39D1FD62-6F4E-4040-BE63-1635B3BA168A}.Debug|x64.ActiveCfg = Debug|Any CPU
		{39D1FD62-6F4E-4040-BE63-1635B3BA168A}.Debug|x64.Build.0 = Debug|Any CPU
		{39D1FD62-6F4E-4040-BE63-1635B3BA168A}.Debug|x86.ActiveCfg = Debug|Any CPU
		{39D1FD62-6F4E-4040-BE63-1635B3BA168A}.Debug|x86.Build.0 = Debug|Any CPU
		{39D1FD62-6F4E-4040-BE63-1635B3BA168A}.Release|Any CPU.ActiveCfg = Release|Any CPU
		{39D1FD62-6F4E-4040-BE63-1635B3BA168A}.Release|Any CPU.Build.0 = Release|Any CPU
		{39D1FD62-6F4E-4040-BE63-1635B3BA168A}.Release|ARM.ActiveCfg = Release|Any CPU
		{39D1FD62-6F4E-4040-BE63-1635B3BA168A}.Release|ARM.Build.0 = Release|Any CPU
		{39D1FD62-6F4E-4040-BE63-1635B3BA168A}.Release|iPhone.ActiveCfg = Release|Any CPU
		{39D1FD62-6F4E-4040-BE63-1635B3BA168A}.Release|iPhone.Build.0 = Release|Any CPU
		{39D1FD62-6F4E-4040-BE63-1635B3BA168A}.Release|iPhoneSimulator.ActiveCfg = Release|Any CPU
		{39D1FD62-6F4E-4040-BE63-1635B3BA168A}.Release|iPhoneSimulator.Build.0 = Release|Any CPU
		{39D1FD62-6F4E-4040-BE63-1635B3BA168A}.Release|x64.ActiveCfg = Release|Any CPU
		{39D1FD62-6F4E-4040-BE63-1635B3BA168A}.Release|x64.Build.0 = Release|Any CPU
		{39D1FD62-6F4E-4040-BE63-1635B3BA168A}.Release|x86.ActiveCfg = Release|Any CPU
		{39D1FD62-6F4E-4040-BE63-1635B3BA168A}.Release|x86.Build.0 = Release|Any CPU
		{1DD49821-533F-4981-937F-43C5C22DC286}.Ad-Hoc|Any CPU.ActiveCfg = Release|Any CPU
		{1DD49821-533F-4981-937F-43C5C22DC286}.Ad-Hoc|Any CPU.Build.0 = Release|Any CPU
		{1DD49821-533F-4981-937F-43C5C22DC286}.Ad-Hoc|ARM.ActiveCfg = Release|Any CPU
		{1DD49821-533F-4981-937F-43C5C22DC286}.Ad-Hoc|ARM.Build.0 = Release|Any CPU
		{1DD49821-533F-4981-937F-43C5C22DC286}.Ad-Hoc|iPhone.ActiveCfg = Release|Any CPU
		{1DD49821-533F-4981-937F-43C5C22DC286}.Ad-Hoc|iPhone.Build.0 = Release|Any CPU
		{1DD49821-533F-4981-937F-43C5C22DC286}.Ad-Hoc|iPhoneSimulator.ActiveCfg = Release|Any CPU
		{1DD49821-533F-4981-937F-43C5C22DC286}.Ad-Hoc|iPhoneSimulator.Build.0 = Release|Any CPU
		{1DD49821-533F-4981-937F-43C5C22DC286}.Ad-Hoc|x64.ActiveCfg = Release|Any CPU
		{1DD49821-533F-4981-937F-43C5C22DC286}.Ad-Hoc|x64.Build.0 = Release|Any CPU
		{1DD49821-533F-4981-937F-43C5C22DC286}.Ad-Hoc|x86.ActiveCfg = Release|Any CPU
		{1DD49821-533F-4981-937F-43C5C22DC286}.Ad-Hoc|x86.Build.0 = Release|Any CPU
		{1DD49821-533F-4981-937F-43C5C22DC286}.AppStore|Any CPU.ActiveCfg = Release|Any CPU
		{1DD49821-533F-4981-937F-43C5C22DC286}.AppStore|Any CPU.Build.0 = Release|Any CPU
		{1DD49821-533F-4981-937F-43C5C22DC286}.AppStore|ARM.ActiveCfg = Release|Any CPU
		{1DD49821-533F-4981-937F-43C5C22DC286}.AppStore|ARM.Build.0 = Release|Any CPU
		{1DD49821-533F-4981-937F-43C5C22DC286}.AppStore|iPhone.ActiveCfg = Release|Any CPU
		{1DD49821-533F-4981-937F-43C5C22DC286}.AppStore|iPhone.Build.0 = Release|Any CPU
		{1DD49821-533F-4981-937F-43C5C22DC286}.AppStore|iPhoneSimulator.ActiveCfg = Release|Any CPU
		{1DD49821-533F-4981-937F-43C5C22DC286}.AppStore|iPhoneSimulator.Build.0 = Release|Any CPU
		{1DD49821-533F-4981-937F-43C5C22DC286}.AppStore|x64.ActiveCfg = Release|Any CPU
		{1DD49821-533F-4981-937F-43C5C22DC286}.AppStore|x64.Build.0 = Release|Any CPU
		{1DD49821-533F-4981-937F-43C5C22DC286}.AppStore|x86.ActiveCfg = Release|Any CPU
		{1DD49821-533F-4981-937F-43C5C22DC286}.AppStore|x86.Build.0 = Release|Any CPU
		{1DD49821-533F-4981-937F-43C5C22DC286}.Debug|Any CPU.ActiveCfg = Debug|Any CPU
		{1DD49821-533F-4981-937F-43C5C22DC286}.Debug|Any CPU.Build.0 = Debug|Any CPU
		{1DD49821-533F-4981-937F-43C5C22DC286}.Debug|ARM.ActiveCfg = Debug|Any CPU
		{1DD49821-533F-4981-937F-43C5C22DC286}.Debug|ARM.Build.0 = Debug|Any CPU
		{1DD49821-533F-4981-937F-43C5C22DC286}.Debug|iPhone.ActiveCfg = Debug|Any CPU
		{1DD49821-533F-4981-937F-43C5C22DC286}.Debug|iPhone.Build.0 = Debug|Any CPU
		{1DD49821-533F-4981-937F-43C5C22DC286}.Debug|iPhoneSimulator.ActiveCfg = Debug|Any CPU
		{1DD49821-533F-4981-937F-43C5C22DC286}.Debug|iPhoneSimulator.Build.0 = Debug|Any CPU
		{1DD49821-533F-4981-937F-43C5C22DC286}.Debug|x64.ActiveCfg = Debug|Any CPU
		{1DD49821-533F-4981-937F-43C5C22DC286}.Debug|x64.Build.0 = Debug|Any CPU
		{1DD49821-533F-4981-937F-43C5C22DC286}.Debug|x86.ActiveCfg = Debug|Any CPU
		{1DD49821-533F-4981-937F-43C5C22DC286}.Debug|x86.Build.0 = Debug|Any CPU
		{1DD49821-533F-4981-937F-43C5C22DC286}.Release|Any CPU.ActiveCfg = Release|Any CPU
		{1DD49821-533F-4981-937F-43C5C22DC286}.Release|Any CPU.Build.0 = Release|Any CPU
		{1DD49821-533F-4981-937F-43C5C22DC286}.Release|ARM.ActiveCfg = Release|Any CPU
		{1DD49821-533F-4981-937F-43C5C22DC286}.Release|ARM.Build.0 = Release|Any CPU
		{1DD49821-533F-4981-937F-43C5C22DC286}.Release|iPhone.ActiveCfg = Release|Any CPU
		{1DD49821-533F-4981-937F-43C5C22DC286}.Release|iPhone.Build.0 = Release|Any CPU
		{1DD49821-533F-4981-937F-43C5C22DC286}.Release|iPhoneSimulator.ActiveCfg = Release|Any CPU
		{1DD49821-533F-4981-937F-43C5C22DC286}.Release|iPhoneSimulator.Build.0 = Release|Any CPU
		{1DD49821-533F-4981-937F-43C5C22DC286}.Release|x64.ActiveCfg = Release|Any CPU
		{1DD49821-533F-4981-937F-43C5C22DC286}.Release|x64.Build.0 = Release|Any CPU
		{1DD49821-533F-4981-937F-43C5C22DC286}.Release|x86.ActiveCfg = Release|Any CPU
		{1DD49821-533F-4981-937F-43C5C22DC286}.Release|x86.Build.0 = Release|Any CPU
		{B0867B18-C94A-46A0-AC69-447F745E609A}.Ad-Hoc|Any CPU.ActiveCfg = Debug|Any CPU
		{B0867B18-C94A-46A0-AC69-447F745E609A}.Ad-Hoc|Any CPU.Build.0 = Debug|Any CPU
		{B0867B18-C94A-46A0-AC69-447F745E609A}.Ad-Hoc|ARM.ActiveCfg = Debug|Any CPU
		{B0867B18-C94A-46A0-AC69-447F745E609A}.Ad-Hoc|ARM.Build.0 = Debug|Any CPU
		{B0867B18-C94A-46A0-AC69-447F745E609A}.Ad-Hoc|iPhone.ActiveCfg = Debug|Any CPU
		{B0867B18-C94A-46A0-AC69-447F745E609A}.Ad-Hoc|iPhone.Build.0 = Debug|Any CPU
		{B0867B18-C94A-46A0-AC69-447F745E609A}.Ad-Hoc|iPhoneSimulator.ActiveCfg = Debug|Any CPU
		{B0867B18-C94A-46A0-AC69-447F745E609A}.Ad-Hoc|iPhoneSimulator.Build.0 = Debug|Any CPU
		{B0867B18-C94A-46A0-AC69-447F745E609A}.Ad-Hoc|x64.ActiveCfg = Debug|Any CPU
		{B0867B18-C94A-46A0-AC69-447F745E609A}.Ad-Hoc|x64.Build.0 = Debug|Any CPU
		{B0867B18-C94A-46A0-AC69-447F745E609A}.Ad-Hoc|x86.ActiveCfg = Debug|Any CPU
		{B0867B18-C94A-46A0-AC69-447F745E609A}.Ad-Hoc|x86.Build.0 = Debug|Any CPU
		{B0867B18-C94A-46A0-AC69-447F745E609A}.AppStore|Any CPU.ActiveCfg = Debug|Any CPU
		{B0867B18-C94A-46A0-AC69-447F745E609A}.AppStore|Any CPU.Build.0 = Debug|Any CPU
		{B0867B18-C94A-46A0-AC69-447F745E609A}.AppStore|ARM.ActiveCfg = Debug|Any CPU
		{B0867B18-C94A-46A0-AC69-447F745E609A}.AppStore|ARM.Build.0 = Debug|Any CPU
		{B0867B18-C94A-46A0-AC69-447F745E609A}.AppStore|iPhone.ActiveCfg = Debug|Any CPU
		{B0867B18-C94A-46A0-AC69-447F745E609A}.AppStore|iPhone.Build.0 = Debug|Any CPU
		{B0867B18-C94A-46A0-AC69-447F745E609A}.AppStore|iPhoneSimulator.ActiveCfg = Debug|Any CPU
		{B0867B18-C94A-46A0-AC69-447F745E609A}.AppStore|iPhoneSimulator.Build.0 = Debug|Any CPU
		{B0867B18-C94A-46A0-AC69-447F745E609A}.AppStore|x64.ActiveCfg = Debug|Any CPU
		{B0867B18-C94A-46A0-AC69-447F745E609A}.AppStore|x64.Build.0 = Debug|Any CPU
		{B0867B18-C94A-46A0-AC69-447F745E609A}.AppStore|x86.ActiveCfg = Debug|Any CPU
		{B0867B18-C94A-46A0-AC69-447F745E609A}.AppStore|x86.Build.0 = Debug|Any CPU
		{B0867B18-C94A-46A0-AC69-447F745E609A}.Debug|Any CPU.ActiveCfg = Debug|Any CPU
		{B0867B18-C94A-46A0-AC69-447F745E609A}.Debug|Any CPU.Build.0 = Debug|Any CPU
		{B0867B18-C94A-46A0-AC69-447F745E609A}.Debug|ARM.ActiveCfg = Debug|Any CPU
		{B0867B18-C94A-46A0-AC69-447F745E609A}.Debug|ARM.Build.0 = Debug|Any CPU
		{B0867B18-C94A-46A0-AC69-447F745E609A}.Debug|iPhone.ActiveCfg = Debug|Any CPU
		{B0867B18-C94A-46A0-AC69-447F745E609A}.Debug|iPhone.Build.0 = Debug|Any CPU
		{B0867B18-C94A-46A0-AC69-447F745E609A}.Debug|iPhoneSimulator.ActiveCfg = Debug|Any CPU
		{B0867B18-C94A-46A0-AC69-447F745E609A}.Debug|iPhoneSimulator.Build.0 = Debug|Any CPU
		{B0867B18-C94A-46A0-AC69-447F745E609A}.Debug|x64.ActiveCfg = Debug|Any CPU
		{B0867B18-C94A-46A0-AC69-447F745E609A}.Debug|x64.Build.0 = Debug|Any CPU
		{B0867B18-C94A-46A0-AC69-447F745E609A}.Debug|x86.ActiveCfg = Debug|Any CPU
		{B0867B18-C94A-46A0-AC69-447F745E609A}.Debug|x86.Build.0 = Debug|Any CPU
		{B0867B18-C94A-46A0-AC69-447F745E609A}.Release|Any CPU.ActiveCfg = Release|Any CPU
		{B0867B18-C94A-46A0-AC69-447F745E609A}.Release|Any CPU.Build.0 = Release|Any CPU
		{B0867B18-C94A-46A0-AC69-447F745E609A}.Release|ARM.ActiveCfg = Release|Any CPU
		{B0867B18-C94A-46A0-AC69-447F745E609A}.Release|ARM.Build.0 = Release|Any CPU
		{B0867B18-C94A-46A0-AC69-447F745E609A}.Release|iPhone.ActiveCfg = Release|Any CPU
		{B0867B18-C94A-46A0-AC69-447F745E609A}.Release|iPhone.Build.0 = Release|Any CPU
		{B0867B18-C94A-46A0-AC69-447F745E609A}.Release|iPhoneSimulator.ActiveCfg = Release|Any CPU
		{B0867B18-C94A-46A0-AC69-447F745E609A}.Release|iPhoneSimulator.Build.0 = Release|Any CPU
		{B0867B18-C94A-46A0-AC69-447F745E609A}.Release|x64.ActiveCfg = Release|Any CPU
		{B0867B18-C94A-46A0-AC69-447F745E609A}.Release|x64.Build.0 = Release|Any CPU
		{B0867B18-C94A-46A0-AC69-447F745E609A}.Release|x86.ActiveCfg = Release|Any CPU
		{B0867B18-C94A-46A0-AC69-447F745E609A}.Release|x86.Build.0 = Release|Any CPU
		{23B77FC9-3783-4347-BF4F-55D8B77E3A08}.Ad-Hoc|Any CPU.ActiveCfg = Release|Any CPU
		{23B77FC9-3783-4347-BF4F-55D8B77E3A08}.Ad-Hoc|Any CPU.Build.0 = Release|Any CPU
		{23B77FC9-3783-4347-BF4F-55D8B77E3A08}.Ad-Hoc|Any CPU.Deploy.0 = Release|Any CPU
		{23B77FC9-3783-4347-BF4F-55D8B77E3A08}.Ad-Hoc|ARM.ActiveCfg = Release|Any CPU
		{23B77FC9-3783-4347-BF4F-55D8B77E3A08}.Ad-Hoc|ARM.Build.0 = Release|Any CPU
		{23B77FC9-3783-4347-BF4F-55D8B77E3A08}.Ad-Hoc|ARM.Deploy.0 = Release|Any CPU
		{23B77FC9-3783-4347-BF4F-55D8B77E3A08}.Ad-Hoc|iPhone.ActiveCfg = Release|Any CPU
		{23B77FC9-3783-4347-BF4F-55D8B77E3A08}.Ad-Hoc|iPhone.Build.0 = Release|Any CPU
		{23B77FC9-3783-4347-BF4F-55D8B77E3A08}.Ad-Hoc|iPhone.Deploy.0 = Release|Any CPU
		{23B77FC9-3783-4347-BF4F-55D8B77E3A08}.Ad-Hoc|iPhoneSimulator.ActiveCfg = Release|Any CPU
		{23B77FC9-3783-4347-BF4F-55D8B77E3A08}.Ad-Hoc|iPhoneSimulator.Build.0 = Release|Any CPU
		{23B77FC9-3783-4347-BF4F-55D8B77E3A08}.Ad-Hoc|iPhoneSimulator.Deploy.0 = Release|Any CPU
		{23B77FC9-3783-4347-BF4F-55D8B77E3A08}.Ad-Hoc|x64.ActiveCfg = Release|Any CPU
		{23B77FC9-3783-4347-BF4F-55D8B77E3A08}.Ad-Hoc|x64.Build.0 = Release|Any CPU
		{23B77FC9-3783-4347-BF4F-55D8B77E3A08}.Ad-Hoc|x64.Deploy.0 = Release|Any CPU
		{23B77FC9-3783-4347-BF4F-55D8B77E3A08}.Ad-Hoc|x86.ActiveCfg = Release|Any CPU
		{23B77FC9-3783-4347-BF4F-55D8B77E3A08}.Ad-Hoc|x86.Build.0 = Release|Any CPU
		{23B77FC9-3783-4347-BF4F-55D8B77E3A08}.Ad-Hoc|x86.Deploy.0 = Release|Any CPU
		{23B77FC9-3783-4347-BF4F-55D8B77E3A08}.AppStore|Any CPU.ActiveCfg = Release|Any CPU
		{23B77FC9-3783-4347-BF4F-55D8B77E3A08}.AppStore|Any CPU.Build.0 = Release|Any CPU
		{23B77FC9-3783-4347-BF4F-55D8B77E3A08}.AppStore|Any CPU.Deploy.0 = Release|Any CPU
		{23B77FC9-3783-4347-BF4F-55D8B77E3A08}.AppStore|ARM.ActiveCfg = Release|Any CPU
		{23B77FC9-3783-4347-BF4F-55D8B77E3A08}.AppStore|ARM.Build.0 = Release|Any CPU
		{23B77FC9-3783-4347-BF4F-55D8B77E3A08}.AppStore|ARM.Deploy.0 = Release|Any CPU
		{23B77FC9-3783-4347-BF4F-55D8B77E3A08}.AppStore|iPhone.ActiveCfg = Release|Any CPU
		{23B77FC9-3783-4347-BF4F-55D8B77E3A08}.AppStore|iPhone.Build.0 = Release|Any CPU
		{23B77FC9-3783-4347-BF4F-55D8B77E3A08}.AppStore|iPhone.Deploy.0 = Release|Any CPU
		{23B77FC9-3783-4347-BF4F-55D8B77E3A08}.AppStore|iPhoneSimulator.ActiveCfg = Release|Any CPU
		{23B77FC9-3783-4347-BF4F-55D8B77E3A08}.AppStore|iPhoneSimulator.Build.0 = Release|Any CPU
		{23B77FC9-3783-4347-BF4F-55D8B77E3A08}.AppStore|iPhoneSimulator.Deploy.0 = Release|Any CPU
		{23B77FC9-3783-4347-BF4F-55D8B77E3A08}.AppStore|x64.ActiveCfg = Release|Any CPU
		{23B77FC9-3783-4347-BF4F-55D8B77E3A08}.AppStore|x64.Build.0 = Release|Any CPU
		{23B77FC9-3783-4347-BF4F-55D8B77E3A08}.AppStore|x64.Deploy.0 = Release|Any CPU
		{23B77FC9-3783-4347-BF4F-55D8B77E3A08}.AppStore|x86.ActiveCfg = Release|Any CPU
		{23B77FC9-3783-4347-BF4F-55D8B77E3A08}.AppStore|x86.Build.0 = Release|Any CPU
		{23B77FC9-3783-4347-BF4F-55D8B77E3A08}.AppStore|x86.Deploy.0 = Release|Any CPU
		{23B77FC9-3783-4347-BF4F-55D8B77E3A08}.Debug|Any CPU.ActiveCfg = Debug|Any CPU
		{23B77FC9-3783-4347-BF4F-55D8B77E3A08}.Debug|Any CPU.Build.0 = Debug|Any CPU
		{23B77FC9-3783-4347-BF4F-55D8B77E3A08}.Debug|Any CPU.Deploy.0 = Debug|Any CPU
		{23B77FC9-3783-4347-BF4F-55D8B77E3A08}.Debug|ARM.ActiveCfg = Debug|Any CPU
		{23B77FC9-3783-4347-BF4F-55D8B77E3A08}.Debug|ARM.Build.0 = Debug|Any CPU
		{23B77FC9-3783-4347-BF4F-55D8B77E3A08}.Debug|ARM.Deploy.0 = Debug|Any CPU
		{23B77FC9-3783-4347-BF4F-55D8B77E3A08}.Debug|iPhone.ActiveCfg = Debug|Any CPU
		{23B77FC9-3783-4347-BF4F-55D8B77E3A08}.Debug|iPhone.Build.0 = Debug|Any CPU
		{23B77FC9-3783-4347-BF4F-55D8B77E3A08}.Debug|iPhone.Deploy.0 = Debug|Any CPU
		{23B77FC9-3783-4347-BF4F-55D8B77E3A08}.Debug|iPhoneSimulator.ActiveCfg = Debug|Any CPU
		{23B77FC9-3783-4347-BF4F-55D8B77E3A08}.Debug|iPhoneSimulator.Build.0 = Debug|Any CPU
		{23B77FC9-3783-4347-BF4F-55D8B77E3A08}.Debug|iPhoneSimulator.Deploy.0 = Debug|Any CPU
		{23B77FC9-3783-4347-BF4F-55D8B77E3A08}.Debug|x64.ActiveCfg = Debug|Any CPU
		{23B77FC9-3783-4347-BF4F-55D8B77E3A08}.Debug|x64.Build.0 = Debug|Any CPU
		{23B77FC9-3783-4347-BF4F-55D8B77E3A08}.Debug|x64.Deploy.0 = Debug|Any CPU
		{23B77FC9-3783-4347-BF4F-55D8B77E3A08}.Debug|x86.ActiveCfg = Debug|Any CPU
		{23B77FC9-3783-4347-BF4F-55D8B77E3A08}.Debug|x86.Build.0 = Debug|Any CPU
		{23B77FC9-3783-4347-BF4F-55D8B77E3A08}.Debug|x86.Deploy.0 = Debug|Any CPU
		{23B77FC9-3783-4347-BF4F-55D8B77E3A08}.Release|Any CPU.ActiveCfg = Release|Any CPU
		{23B77FC9-3783-4347-BF4F-55D8B77E3A08}.Release|Any CPU.Build.0 = Release|Any CPU
		{23B77FC9-3783-4347-BF4F-55D8B77E3A08}.Release|Any CPU.Deploy.0 = Release|Any CPU
		{23B77FC9-3783-4347-BF4F-55D8B77E3A08}.Release|ARM.ActiveCfg = Release|Any CPU
		{23B77FC9-3783-4347-BF4F-55D8B77E3A08}.Release|ARM.Build.0 = Release|Any CPU
		{23B77FC9-3783-4347-BF4F-55D8B77E3A08}.Release|ARM.Deploy.0 = Release|Any CPU
		{23B77FC9-3783-4347-BF4F-55D8B77E3A08}.Release|iPhone.ActiveCfg = Release|Any CPU
		{23B77FC9-3783-4347-BF4F-55D8B77E3A08}.Release|iPhone.Build.0 = Release|Any CPU
		{23B77FC9-3783-4347-BF4F-55D8B77E3A08}.Release|iPhone.Deploy.0 = Release|Any CPU
		{23B77FC9-3783-4347-BF4F-55D8B77E3A08}.Release|iPhoneSimulator.ActiveCfg = Release|Any CPU
		{23B77FC9-3783-4347-BF4F-55D8B77E3A08}.Release|iPhoneSimulator.Build.0 = Release|Any CPU
		{23B77FC9-3783-4347-BF4F-55D8B77E3A08}.Release|iPhoneSimulator.Deploy.0 = Release|Any CPU
		{23B77FC9-3783-4347-BF4F-55D8B77E3A08}.Release|x64.ActiveCfg = Release|Any CPU
		{23B77FC9-3783-4347-BF4F-55D8B77E3A08}.Release|x64.Build.0 = Release|Any CPU
		{23B77FC9-3783-4347-BF4F-55D8B77E3A08}.Release|x64.Deploy.0 = Release|Any CPU
		{23B77FC9-3783-4347-BF4F-55D8B77E3A08}.Release|x86.ActiveCfg = Release|Any CPU
		{23B77FC9-3783-4347-BF4F-55D8B77E3A08}.Release|x86.Build.0 = Release|Any CPU
		{23B77FC9-3783-4347-BF4F-55D8B77E3A08}.Release|x86.Deploy.0 = Release|Any CPU
		{B73B0A57-709E-497F-B671-D0CB9661942F}.Ad-Hoc|Any CPU.ActiveCfg = Ad-Hoc|iPhone
		{B73B0A57-709E-497F-B671-D0CB9661942F}.Ad-Hoc|ARM.ActiveCfg = Ad-Hoc|iPhone
		{B73B0A57-709E-497F-B671-D0CB9661942F}.Ad-Hoc|iPhone.ActiveCfg = Ad-Hoc|iPhone
		{B73B0A57-709E-497F-B671-D0CB9661942F}.Ad-Hoc|iPhone.Build.0 = Ad-Hoc|iPhone
		{B73B0A57-709E-497F-B671-D0CB9661942F}.Ad-Hoc|iPhoneSimulator.ActiveCfg = Ad-Hoc|iPhoneSimulator
		{B73B0A57-709E-497F-B671-D0CB9661942F}.Ad-Hoc|iPhoneSimulator.Build.0 = Ad-Hoc|iPhoneSimulator
		{B73B0A57-709E-497F-B671-D0CB9661942F}.Ad-Hoc|x64.ActiveCfg = Ad-Hoc|iPhone
		{B73B0A57-709E-497F-B671-D0CB9661942F}.Ad-Hoc|x86.ActiveCfg = Ad-Hoc|iPhone
		{B73B0A57-709E-497F-B671-D0CB9661942F}.AppStore|Any CPU.ActiveCfg = AppStore|iPhone
		{B73B0A57-709E-497F-B671-D0CB9661942F}.AppStore|ARM.ActiveCfg = AppStore|iPhone
		{B73B0A57-709E-497F-B671-D0CB9661942F}.AppStore|iPhone.ActiveCfg = AppStore|iPhone
		{B73B0A57-709E-497F-B671-D0CB9661942F}.AppStore|iPhone.Build.0 = AppStore|iPhone
		{B73B0A57-709E-497F-B671-D0CB9661942F}.AppStore|iPhoneSimulator.ActiveCfg = AppStore|iPhoneSimulator
		{B73B0A57-709E-497F-B671-D0CB9661942F}.AppStore|iPhoneSimulator.Build.0 = AppStore|iPhoneSimulator
		{B73B0A57-709E-497F-B671-D0CB9661942F}.AppStore|x64.ActiveCfg = AppStore|iPhone
		{B73B0A57-709E-497F-B671-D0CB9661942F}.AppStore|x86.ActiveCfg = AppStore|iPhone
		{B73B0A57-709E-497F-B671-D0CB9661942F}.Debug|Any CPU.ActiveCfg = Debug|iPhone
		{B73B0A57-709E-497F-B671-D0CB9661942F}.Debug|ARM.ActiveCfg = Debug|iPhone
		{B73B0A57-709E-497F-B671-D0CB9661942F}.Debug|iPhone.ActiveCfg = Debug|iPhone
		{B73B0A57-709E-497F-B671-D0CB9661942F}.Debug|iPhone.Build.0 = Debug|iPhone
		{B73B0A57-709E-497F-B671-D0CB9661942F}.Debug|iPhoneSimulator.ActiveCfg = Debug|iPhoneSimulator
		{B73B0A57-709E-497F-B671-D0CB9661942F}.Debug|iPhoneSimulator.Build.0 = Debug|iPhoneSimulator
		{B73B0A57-709E-497F-B671-D0CB9661942F}.Debug|x64.ActiveCfg = Debug|iPhone
		{B73B0A57-709E-497F-B671-D0CB9661942F}.Debug|x86.ActiveCfg = Debug|iPhone
		{B73B0A57-709E-497F-B671-D0CB9661942F}.Release|Any CPU.ActiveCfg = Release|iPhone
		{B73B0A57-709E-497F-B671-D0CB9661942F}.Release|ARM.ActiveCfg = Release|iPhone
		{B73B0A57-709E-497F-B671-D0CB9661942F}.Release|iPhone.ActiveCfg = Release|iPhone
		{B73B0A57-709E-497F-B671-D0CB9661942F}.Release|iPhone.Build.0 = Release|iPhone
		{B73B0A57-709E-497F-B671-D0CB9661942F}.Release|iPhoneSimulator.ActiveCfg = Release|iPhoneSimulator
		{B73B0A57-709E-497F-B671-D0CB9661942F}.Release|iPhoneSimulator.Build.0 = Release|iPhoneSimulator
		{B73B0A57-709E-497F-B671-D0CB9661942F}.Release|x64.ActiveCfg = Release|iPhone
		{B73B0A57-709E-497F-B671-D0CB9661942F}.Release|x86.ActiveCfg = Release|iPhone
		{216214A0-734A-4898-8F52-D9F5BF2D8904}.Ad-Hoc|Any CPU.ActiveCfg = Release|Any CPU
		{216214A0-734A-4898-8F52-D9F5BF2D8904}.Ad-Hoc|Any CPU.Build.0 = Release|Any CPU
		{216214A0-734A-4898-8F52-D9F5BF2D8904}.Ad-Hoc|Any CPU.Deploy.0 = Release|Any CPU
		{216214A0-734A-4898-8F52-D9F5BF2D8904}.Ad-Hoc|ARM.ActiveCfg = Release|Any CPU
		{216214A0-734A-4898-8F52-D9F5BF2D8904}.Ad-Hoc|ARM.Build.0 = Release|Any CPU
		{216214A0-734A-4898-8F52-D9F5BF2D8904}.Ad-Hoc|ARM.Deploy.0 = Release|Any CPU
		{216214A0-734A-4898-8F52-D9F5BF2D8904}.Ad-Hoc|iPhone.ActiveCfg = Release|Any CPU
		{216214A0-734A-4898-8F52-D9F5BF2D8904}.Ad-Hoc|iPhone.Build.0 = Release|Any CPU
		{216214A0-734A-4898-8F52-D9F5BF2D8904}.Ad-Hoc|iPhone.Deploy.0 = Release|Any CPU
		{216214A0-734A-4898-8F52-D9F5BF2D8904}.Ad-Hoc|iPhoneSimulator.ActiveCfg = Release|Any CPU
		{216214A0-734A-4898-8F52-D9F5BF2D8904}.Ad-Hoc|iPhoneSimulator.Build.0 = Release|Any CPU
		{216214A0-734A-4898-8F52-D9F5BF2D8904}.Ad-Hoc|iPhoneSimulator.Deploy.0 = Release|Any CPU
		{216214A0-734A-4898-8F52-D9F5BF2D8904}.Ad-Hoc|x64.ActiveCfg = Release|Any CPU
		{216214A0-734A-4898-8F52-D9F5BF2D8904}.Ad-Hoc|x64.Build.0 = Release|Any CPU
		{216214A0-734A-4898-8F52-D9F5BF2D8904}.Ad-Hoc|x64.Deploy.0 = Release|Any CPU
		{216214A0-734A-4898-8F52-D9F5BF2D8904}.Ad-Hoc|x86.ActiveCfg = Release|Any CPU
		{216214A0-734A-4898-8F52-D9F5BF2D8904}.Ad-Hoc|x86.Build.0 = Release|Any CPU
		{216214A0-734A-4898-8F52-D9F5BF2D8904}.Ad-Hoc|x86.Deploy.0 = Release|Any CPU
		{216214A0-734A-4898-8F52-D9F5BF2D8904}.AppStore|Any CPU.ActiveCfg = Release|Any CPU
		{216214A0-734A-4898-8F52-D9F5BF2D8904}.AppStore|Any CPU.Build.0 = Release|Any CPU
		{216214A0-734A-4898-8F52-D9F5BF2D8904}.AppStore|Any CPU.Deploy.0 = Release|Any CPU
		{216214A0-734A-4898-8F52-D9F5BF2D8904}.AppStore|ARM.ActiveCfg = Release|Any CPU
		{216214A0-734A-4898-8F52-D9F5BF2D8904}.AppStore|ARM.Build.0 = Release|Any CPU
		{216214A0-734A-4898-8F52-D9F5BF2D8904}.AppStore|ARM.Deploy.0 = Release|Any CPU
		{216214A0-734A-4898-8F52-D9F5BF2D8904}.AppStore|iPhone.ActiveCfg = Release|Any CPU
		{216214A0-734A-4898-8F52-D9F5BF2D8904}.AppStore|iPhone.Build.0 = Release|Any CPU
		{216214A0-734A-4898-8F52-D9F5BF2D8904}.AppStore|iPhone.Deploy.0 = Release|Any CPU
		{216214A0-734A-4898-8F52-D9F5BF2D8904}.AppStore|iPhoneSimulator.ActiveCfg = Release|Any CPU
		{216214A0-734A-4898-8F52-D9F5BF2D8904}.AppStore|iPhoneSimulator.Build.0 = Release|Any CPU
		{216214A0-734A-4898-8F52-D9F5BF2D8904}.AppStore|iPhoneSimulator.Deploy.0 = Release|Any CPU
		{216214A0-734A-4898-8F52-D9F5BF2D8904}.AppStore|x64.ActiveCfg = Release|Any CPU
		{216214A0-734A-4898-8F52-D9F5BF2D8904}.AppStore|x64.Build.0 = Release|Any CPU
		{216214A0-734A-4898-8F52-D9F5BF2D8904}.AppStore|x64.Deploy.0 = Release|Any CPU
		{216214A0-734A-4898-8F52-D9F5BF2D8904}.AppStore|x86.ActiveCfg = Release|Any CPU
		{216214A0-734A-4898-8F52-D9F5BF2D8904}.AppStore|x86.Build.0 = Release|Any CPU
		{216214A0-734A-4898-8F52-D9F5BF2D8904}.AppStore|x86.Deploy.0 = Release|Any CPU
		{216214A0-734A-4898-8F52-D9F5BF2D8904}.Debug|Any CPU.ActiveCfg = Debug|Any CPU
		{216214A0-734A-4898-8F52-D9F5BF2D8904}.Debug|Any CPU.Build.0 = Debug|Any CPU
		{216214A0-734A-4898-8F52-D9F5BF2D8904}.Debug|Any CPU.Deploy.0 = Debug|Any CPU
		{216214A0-734A-4898-8F52-D9F5BF2D8904}.Debug|ARM.ActiveCfg = Debug|Any CPU
		{216214A0-734A-4898-8F52-D9F5BF2D8904}.Debug|ARM.Build.0 = Debug|Any CPU
		{216214A0-734A-4898-8F52-D9F5BF2D8904}.Debug|ARM.Deploy.0 = Debug|Any CPU
		{216214A0-734A-4898-8F52-D9F5BF2D8904}.Debug|iPhone.ActiveCfg = Debug|Any CPU
		{216214A0-734A-4898-8F52-D9F5BF2D8904}.Debug|iPhone.Build.0 = Debug|Any CPU
		{216214A0-734A-4898-8F52-D9F5BF2D8904}.Debug|iPhone.Deploy.0 = Debug|Any CPU
		{216214A0-734A-4898-8F52-D9F5BF2D8904}.Debug|iPhoneSimulator.ActiveCfg = Debug|Any CPU
		{216214A0-734A-4898-8F52-D9F5BF2D8904}.Debug|iPhoneSimulator.Build.0 = Debug|Any CPU
		{216214A0-734A-4898-8F52-D9F5BF2D8904}.Debug|iPhoneSimulator.Deploy.0 = Debug|Any CPU
		{216214A0-734A-4898-8F52-D9F5BF2D8904}.Debug|x64.ActiveCfg = Debug|Any CPU
		{216214A0-734A-4898-8F52-D9F5BF2D8904}.Debug|x64.Build.0 = Debug|Any CPU
		{216214A0-734A-4898-8F52-D9F5BF2D8904}.Debug|x64.Deploy.0 = Debug|Any CPU
		{216214A0-734A-4898-8F52-D9F5BF2D8904}.Debug|x86.ActiveCfg = Debug|Any CPU
		{216214A0-734A-4898-8F52-D9F5BF2D8904}.Debug|x86.Build.0 = Debug|Any CPU
		{216214A0-734A-4898-8F52-D9F5BF2D8904}.Debug|x86.Deploy.0 = Debug|Any CPU
		{216214A0-734A-4898-8F52-D9F5BF2D8904}.Release|Any CPU.ActiveCfg = Release|Any CPU
		{216214A0-734A-4898-8F52-D9F5BF2D8904}.Release|Any CPU.Build.0 = Release|Any CPU
		{216214A0-734A-4898-8F52-D9F5BF2D8904}.Release|Any CPU.Deploy.0 = Release|Any CPU
		{216214A0-734A-4898-8F52-D9F5BF2D8904}.Release|ARM.ActiveCfg = Release|Any CPU
		{216214A0-734A-4898-8F52-D9F5BF2D8904}.Release|ARM.Build.0 = Release|Any CPU
		{216214A0-734A-4898-8F52-D9F5BF2D8904}.Release|ARM.Deploy.0 = Release|Any CPU
		{216214A0-734A-4898-8F52-D9F5BF2D8904}.Release|iPhone.ActiveCfg = Release|Any CPU
		{216214A0-734A-4898-8F52-D9F5BF2D8904}.Release|iPhone.Build.0 = Release|Any CPU
		{216214A0-734A-4898-8F52-D9F5BF2D8904}.Release|iPhone.Deploy.0 = Release|Any CPU
		{216214A0-734A-4898-8F52-D9F5BF2D8904}.Release|iPhoneSimulator.ActiveCfg = Release|Any CPU
		{216214A0-734A-4898-8F52-D9F5BF2D8904}.Release|iPhoneSimulator.Build.0 = Release|Any CPU
		{216214A0-734A-4898-8F52-D9F5BF2D8904}.Release|iPhoneSimulator.Deploy.0 = Release|Any CPU
		{216214A0-734A-4898-8F52-D9F5BF2D8904}.Release|x64.ActiveCfg = Release|Any CPU
		{216214A0-734A-4898-8F52-D9F5BF2D8904}.Release|x64.Build.0 = Release|Any CPU
		{216214A0-734A-4898-8F52-D9F5BF2D8904}.Release|x64.Deploy.0 = Release|Any CPU
		{216214A0-734A-4898-8F52-D9F5BF2D8904}.Release|x86.ActiveCfg = Release|Any CPU
		{216214A0-734A-4898-8F52-D9F5BF2D8904}.Release|x86.Build.0 = Release|Any CPU
		{216214A0-734A-4898-8F52-D9F5BF2D8904}.Release|x86.Deploy.0 = Release|Any CPU
		{25003FC4-168E-456D-92BC-D80803126EA7}.Ad-Hoc|Any CPU.ActiveCfg = Release|iPhone
		{25003FC4-168E-456D-92BC-D80803126EA7}.Ad-Hoc|Any CPU.Build.0 = Release|iPhone
		{25003FC4-168E-456D-92BC-D80803126EA7}.Ad-Hoc|ARM.ActiveCfg = Release|iPhone
		{25003FC4-168E-456D-92BC-D80803126EA7}.Ad-Hoc|ARM.Build.0 = Release|iPhone
		{25003FC4-168E-456D-92BC-D80803126EA7}.Ad-Hoc|iPhone.ActiveCfg = Release|iPhone
		{25003FC4-168E-456D-92BC-D80803126EA7}.Ad-Hoc|iPhone.Build.0 = Release|iPhone
		{25003FC4-168E-456D-92BC-D80803126EA7}.Ad-Hoc|iPhoneSimulator.ActiveCfg = Release|iPhoneSimulator
		{25003FC4-168E-456D-92BC-D80803126EA7}.Ad-Hoc|iPhoneSimulator.Build.0 = Release|iPhoneSimulator
		{25003FC4-168E-456D-92BC-D80803126EA7}.Ad-Hoc|x64.ActiveCfg = Release|iPhone
		{25003FC4-168E-456D-92BC-D80803126EA7}.Ad-Hoc|x64.Build.0 = Release|iPhone
		{25003FC4-168E-456D-92BC-D80803126EA7}.Ad-Hoc|x86.ActiveCfg = Release|iPhone
		{25003FC4-168E-456D-92BC-D80803126EA7}.Ad-Hoc|x86.Build.0 = Release|iPhone
		{25003FC4-168E-456D-92BC-D80803126EA7}.AppStore|Any CPU.ActiveCfg = Release|iPhone
		{25003FC4-168E-456D-92BC-D80803126EA7}.AppStore|Any CPU.Build.0 = Release|iPhone
		{25003FC4-168E-456D-92BC-D80803126EA7}.AppStore|ARM.ActiveCfg = Release|iPhone
		{25003FC4-168E-456D-92BC-D80803126EA7}.AppStore|ARM.Build.0 = Release|iPhone
		{25003FC4-168E-456D-92BC-D80803126EA7}.AppStore|iPhone.ActiveCfg = Release|iPhone
		{25003FC4-168E-456D-92BC-D80803126EA7}.AppStore|iPhone.Build.0 = Release|iPhone
		{25003FC4-168E-456D-92BC-D80803126EA7}.AppStore|iPhoneSimulator.ActiveCfg = Release|iPhoneSimulator
		{25003FC4-168E-456D-92BC-D80803126EA7}.AppStore|iPhoneSimulator.Build.0 = Release|iPhoneSimulator
		{25003FC4-168E-456D-92BC-D80803126EA7}.AppStore|x64.ActiveCfg = Release|iPhone
		{25003FC4-168E-456D-92BC-D80803126EA7}.AppStore|x64.Build.0 = Release|iPhone
		{25003FC4-168E-456D-92BC-D80803126EA7}.AppStore|x86.ActiveCfg = Release|iPhone
		{25003FC4-168E-456D-92BC-D80803126EA7}.AppStore|x86.Build.0 = Release|iPhone
		{25003FC4-168E-456D-92BC-D80803126EA7}.Debug|Any CPU.ActiveCfg = Debug|iPhone
		{25003FC4-168E-456D-92BC-D80803126EA7}.Debug|ARM.ActiveCfg = Debug|iPhone
		{25003FC4-168E-456D-92BC-D80803126EA7}.Debug|iPhone.ActiveCfg = Debug|iPhone
		{25003FC4-168E-456D-92BC-D80803126EA7}.Debug|iPhone.Build.0 = Debug|iPhone
		{25003FC4-168E-456D-92BC-D80803126EA7}.Debug|iPhoneSimulator.ActiveCfg = Debug|iPhoneSimulator
		{25003FC4-168E-456D-92BC-D80803126EA7}.Debug|iPhoneSimulator.Build.0 = Debug|iPhoneSimulator
		{25003FC4-168E-456D-92BC-D80803126EA7}.Debug|x64.ActiveCfg = Debug|iPhone
		{25003FC4-168E-456D-92BC-D80803126EA7}.Debug|x86.ActiveCfg = Debug|iPhone
		{25003FC4-168E-456D-92BC-D80803126EA7}.Release|Any CPU.ActiveCfg = Release|iPhone
		{25003FC4-168E-456D-92BC-D80803126EA7}.Release|ARM.ActiveCfg = Release|iPhone
		{25003FC4-168E-456D-92BC-D80803126EA7}.Release|iPhone.ActiveCfg = Release|iPhone
		{25003FC4-168E-456D-92BC-D80803126EA7}.Release|iPhone.Build.0 = Release|iPhone
		{25003FC4-168E-456D-92BC-D80803126EA7}.Release|iPhoneSimulator.ActiveCfg = Release|iPhoneSimulator
		{25003FC4-168E-456D-92BC-D80803126EA7}.Release|iPhoneSimulator.Build.0 = Release|iPhoneSimulator
		{25003FC4-168E-456D-92BC-D80803126EA7}.Release|x64.ActiveCfg = Release|iPhone
		{25003FC4-168E-456D-92BC-D80803126EA7}.Release|x86.ActiveCfg = Release|iPhone
	EndGlobalSection
	GlobalSection(SolutionProperties) = preSolution
		HideSolutionNode = FALSE
	EndGlobalSection
	GlobalSection(ExtensibilityGlobals) = postSolution
		SolutionGuid = {AA269762-AD16-4B01-BA7B-2E50FAFA06C6}
	EndGlobalSection
EndGlobal
